
Microsoft Visual Studio Solution File, Format Version 12.00
# Visual Studio Version 16
VisualStudioVersion = 16.0.33027.164
MinimumVisualStudioVersion = 10.0.40219.1
Project("{9A19103F-16F7-4668-BE54-9A1E7A4F7556}") = "Asan", "Asan\Asan.csproj", "{3B768CCC-BFF9-417D-B139-0302BD5D99CB}"
EndProject
Global
	GlobalSection(SolutionConfigurationPlatforms) = preSolution
		Debug|Any CPU = Debug|Any CPU
		Release|Any CPU = Release|Any CPU
	EndGlobalSection
	GlobalSection(ProjectConfigurationPlatforms) = postSolution
		{3B768CCC-BFF9-417D-B139-0302BD5D99CB}.Debug|Any CPU.ActiveCfg = Debug|Any CPU
		{3B768CCC-BFF9-417D-B139-0302BD5D99CB}.Debug|Any CPU.Build.0 = Debug|Any CPU
		{3B768CCC-BFF9-417D-B139-0302BD5D99CB}.Release|Any CPU.ActiveCfg = Release|Any CPU
		{3B768CCC-BFF9-417D-B139-0302BD5D99CB}.Release|Any CPU.Build.0 = Release|Any CPU
	EndGlobalSection
	GlobalSection(SolutionProperties) = preSolution
		HideSolutionNode = FALSE
	EndGlobalSection
	GlobalSection(ExtensibilityGlobals) = postSolution
		SolutionGuid = {AE11CC09-129C-4194-8006-401754260BB4}
	EndGlobalSection
EndGlobal
